<?xml version="1.0" encoding="utf-8"?>
<Project ToolsVersion="4.0" xmlns="http://schemas.microsoft.com/developer/msbuild/2003">
  <ItemGroup>
    <Filter Include="Engine">
      <UniqueIdentifier>{DBC7D3B0-C769-FE86-B024-12DB9C6585D7}</UniqueIdentifier>
    </Filter>
    <Filter Include="Engine\Events">
      <UniqueIdentifier>{5FAFB439-CB6F-3070-94AA-79ED002A754C}</UniqueIdentifier>
    </Filter>
    <Filter Include="Engine\ImGUI">
      <UniqueIdentifier>{05716795-F1D3-F639-9A59-2FF0869BC2BC}</UniqueIdentifier>
    </Filter>
    <Filter Include="WindowImp">
      <UniqueIdentifier>{23624C74-8FCC-00EB-D80A-B29044B4DE3F}</UniqueIdentifier>
    </Filter>
  </ItemGroup>
  <ItemGroup>
    <ClInclude Include="src\ENPH.h" />
    <ClInclude Include="src\Engine.h" />
    <ClInclude Include="src\Engine\Application.h">
      <Filter>Engine</Filter>
    </ClInclude>
    <ClInclude Include="src\Engine\Core.h">
      <Filter>Engine</Filter>
    </ClInclude>
    <ClInclude Include="src\Engine\EntryPoint.h">
      <Filter>Engine</Filter>
    </ClInclude>
    <ClInclude Include="src\Engine\Events\ApplicationEvent.h">
      <Filter>Engine\Events</Filter>
    </ClInclude>
    <ClInclude Include="src\Engine\Events\EventController.h">
      <Filter>Engine\Events</Filter>
    </ClInclude>
    <ClInclude Include="src\Engine\Events\KeyEvent.h">
      <Filter>Engine\Events</Filter>
    </ClInclude>
    <ClInclude Include="src\Engine\Events\MouseEvent.h">
      <Filter>Engine\Events</Filter>
    </ClInclude>
    <ClInclude Include="src\Engine\ImGUI\ImGUILayer.h">
      <Filter>Engine\ImGUI</Filter>
    </ClInclude>
    <ClInclude Include="src\Engine\Input.h">
      <Filter>Engine</Filter>
    </ClInclude>
    <ClInclude Include="src\Engine\KeyCodes.h">
      <Filter>Engine</Filter>
    </ClInclude>
    <ClInclude Include="src\Engine\Layer.h">
      <Filter>Engine</Filter>
    </ClInclude>
    <ClInclude Include="src\Engine\LayerStack.h">
      <Filter>Engine</Filter>
    </ClInclude>
    <ClInclude Include="src\Engine\Log.h">
      <Filter>Engine</Filter>
    </ClInclude>
    <ClInclude Include="src\Engine\MouseCodes.h">
      <Filter>Engine</Filter>
    </ClInclude>
    <ClInclude Include="src\Engine\Window.h">
      <Filter>Engine</Filter>
    </ClInclude>
    <ClInclude Include="src\WindowImp\WindowsInput.h">
      <Filter>WindowImp</Filter>
    </ClInclude>
    <ClInclude Include="src\WindowImp\WindowsWindow.h">
      <Filter>WindowImp</Filter>
    </ClInclude>
    <ClInclude Include="src\Engine\Renderer\GraphicsContext.h" />
    <ClInclude Include="src\OpenGL\OpenGLContext.h" />
    <ClInclude Include="src\Engine\Renderer\Shader.h" />
    <ClInclude Include="src\Engine\Renderer\Buffer.h" />
    <ClInclude Include="src\OpenGL\OpenGLBuffer.h" />
    <ClInclude Include="src\Engine\Renderer\Reneder.h" />
  </ItemGroup>
  <ItemGroup>
    <ClCompile Include="src\ENPH.cpp" />
    <ClCompile Include="src\Engine\Application.cpp">
      <Filter>Engine</Filter>
    </ClCompile>
    <ClCompile Include="src\Engine\ImGUI\ImGUIBuild.cpp">
      <Filter>Engine\ImGUI</Filter>
    </ClCompile>
    <ClCompile Include="src\Engine\ImGUI\ImGUILayer.cpp">
      <Filter>Engine\ImGUI</Filter>
    </ClCompile>
    <ClCompile Include="src\Engine\Layer.cpp">
      <Filter>Engine</Filter>
    </ClCompile>
    <ClCompile Include="src\Engine\LayerStack.cpp">
      <Filter>Engine</Filter>
    </ClCompile>
    <ClCompile Include="src\Engine\Log.cpp">
      <Filter>Engine</Filter>
    </ClCompile>
    <ClCompile Include="src\WindowImp\WindowsInput.cpp">
      <Filter>WindowImp</Filter>
    </ClCompile>
    <ClCompile Include="src\WindowImp\WindowsWindow.cpp">
      <Filter>WindowImp</Filter>
    </ClCompile>
    <ClCompile Include="src\OpenGL\OpenGLContext.cpp" />
    <ClCompile Include="src\Engine\Renderer\Shader.cpp" />
    <ClCompile Include="src\Engine\Renderer\Buffer.cpp" />
    <ClCompile Include="src\OpenGL\OpenGLBuffer.cpp" />
    <ClCompile Include="src\Engine\Renderer\Reneder.cpp" />
  </ItemGroup>
</Project>